// !$*UTF8*$!
{
	archiveVersion = 1;
	classes = {
	};
	objectVersion = 50;
	objects = {

/* Begin PBXBuildFile section */
		036AA831A76FCEA417A710ED /* Pods_Field_Day.framework in Frameworks */ = {isa = PBXBuildFile; fileRef = 53BA0F8E31B645295A5F0BDB /* Pods_Field_Day.framework */; };
		1EDA1CFD2294C4DD0098D8DC /* AppDelegate.swift in Sources */ = {isa = PBXBuildFile; fileRef = 1EDA1CFC2294C4DD0098D8DC /* AppDelegate.swift */; };
		1EDA1CFF2294C4DD0098D8DC /* ViewController.swift in Sources */ = {isa = PBXBuildFile; fileRef = 1EDA1CFE2294C4DD0098D8DC /* ViewController.swift */; };
		1EDA1D022294C4DD0098D8DC /* Main.storyboard in Resources */ = {isa = PBXBuildFile; fileRef = 1EDA1D002294C4DD0098D8DC /* Main.storyboard */; };
		1EDA1D042294C4E00098D8DC /* Assets.xcassets in Resources */ = {isa = PBXBuildFile; fileRef = 1EDA1D032294C4E00098D8DC /* Assets.xcassets */; };
		1EDA1D072294C4E00098D8DC /* LaunchScreen.storyboard in Resources */ = {isa = PBXBuildFile; fileRef = 1EDA1D052294C4E00098D8DC /* LaunchScreen.storyboard */; };
		1EDA1D102294C7860098D8DC /* Event.swift in Sources */ = {isa = PBXBuildFile; fileRef = 1EDA1D0F2294C7860098D8DC /* Event.swift */; };
		1EDA1D152294C8D20098D8DC /* EventTableViewController.swift in Sources */ = {isa = PBXBuildFile; fileRef = 1EDA1D142294C8D20098D8DC /* EventTableViewController.swift */; };
/* End PBXBuildFile section */

/* Begin PBXFileReference section */
		1EDA1CF92294C4DD0098D8DC /* Field Day.app */ = {isa = PBXFileReference; explicitFileType = wrapper.application; includeInIndex = 0; path = "Field Day.app"; sourceTree = BUILT_PRODUCTS_DIR; };
		1EDA1CFC2294C4DD0098D8DC /* AppDelegate.swift */ = {isa = PBXFileReference; lastKnownFileType = sourcecode.swift; path = AppDelegate.swift; sourceTree = "<group>"; };
		1EDA1CFE2294C4DD0098D8DC /* ViewController.swift */ = {isa = PBXFileReference; lastKnownFileType = sourcecode.swift; path = ViewController.swift; sourceTree = "<group>"; };
		1EDA1D012294C4DD0098D8DC /* Base */ = {isa = PBXFileReference; lastKnownFileType = file.storyboard; name = Base; path = Base.lproj/Main.storyboard; sourceTree = "<group>"; };
		1EDA1D032294C4E00098D8DC /* Assets.xcassets */ = {isa = PBXFileReference; lastKnownFileType = folder.assetcatalog; path = Assets.xcassets; sourceTree = "<group>"; };
		1EDA1D062294C4E00098D8DC /* Base */ = {isa = PBXFileReference; lastKnownFileType = file.storyboard; name = Base; path = Base.lproj/LaunchScreen.storyboard; sourceTree = "<group>"; };
		1EDA1D082294C4E00098D8DC /* Info.plist */ = {isa = PBXFileReference; lastKnownFileType = text.plist.xml; path = Info.plist; sourceTree = "<group>"; };
		1EDA1D0F2294C7860098D8DC /* Event.swift */ = {isa = PBXFileReference; lastKnownFileType = sourcecode.swift; path = Event.swift; sourceTree = "<group>"; };
		1EDA1D142294C8D20098D8DC /* EventTableViewController.swift */ = {isa = PBXFileReference; lastKnownFileType = sourcecode.swift; path = EventTableViewController.swift; sourceTree = "<group>"; };
		217980EFB34A10FBB228FEDE /* Pods-Field Day.release.xcconfig */ = {isa = PBXFileReference; includeInIndex = 1; lastKnownFileType = text.xcconfig; name = "Pods-Field Day.release.xcconfig"; path = "Target Support Files/Pods-Field Day/Pods-Field Day.release.xcconfig"; sourceTree = "<group>"; };
		53BA0F8E31B645295A5F0BDB /* Pods_Field_Day.framework */ = {isa = PBXFileReference; explicitFileType = wrapper.framework; includeInIndex = 0; path = Pods_Field_Day.framework; sourceTree = BUILT_PRODUCTS_DIR; };
		CE32F5711B0D4440473F2CCB /* Pods-Field Day.debug.xcconfig */ = {isa = PBXFileReference; includeInIndex = 1; lastKnownFileType = text.xcconfig; name = "Pods-Field Day.debug.xcconfig"; path = "Target Support Files/Pods-Field Day/Pods-Field Day.debug.xcconfig"; sourceTree = "<group>"; };
/* End PBXFileReference section */

/* Begin PBXFrameworksBuildPhase section */
		1EDA1CF62294C4DD0098D8DC /* Frameworks */ = {
			isa = PBXFrameworksBuildPhase;
			buildActionMask = 2147483647;
			files = (
				036AA831A76FCEA417A710ED /* Pods_Field_Day.framework in Frameworks */,
			);
			runOnlyForDeploymentPostprocessing = 0;
		};
/* End PBXFrameworksBuildPhase section */

/* Begin PBXGroup section */
		1EDA1CF02294C4DD0098D8DC = {
			isa = PBXGroup;
			children = (
				1EDA1CFB2294C4DD0098D8DC /* Field Day */,
				1EDA1CFA2294C4DD0098D8DC /* Products */,
				831126A03E1AF9018D7B2F50 /* Pods */,
				B12B7E5A3D181B3A43705E2A /* Frameworks */,
			);
			sourceTree = "<group>";
		};
		1EDA1CFA2294C4DD0098D8DC /* Products */ = {
			isa = PBXGroup;
			children = (
				1EDA1CF92294C4DD0098D8DC /* Field Day.app */,
			);
			name = Products;
			sourceTree = "<group>";
		};
		1EDA1CFB2294C4DD0098D8DC /* Field Day */ = {
			isa = PBXGroup;
			children = (
				1EDA1CFC2294C4DD0098D8DC /* AppDelegate.swift */,
				1EDA1D112294C82B0098D8DC /* Controllers */,
				1EDA1D0E2294C76E0098D8DC /* Model */,
				1EDA1D002294C4DD0098D8DC /* Main.storyboard */,
				1EDA1D032294C4E00098D8DC /* Assets.xcassets */,
				1EDA1D052294C4E00098D8DC /* LaunchScreen.storyboard */,
				1EDA1D082294C4E00098D8DC /* Info.plist */,
			);
			path = "Field Day";
			sourceTree = "<group>";
		};
		1EDA1D0E2294C76E0098D8DC /* Model */ = {
			isa = PBXGroup;
			children = (
				1EDA1D0F2294C7860098D8DC /* Event.swift */,
			);
			path = Model;
			sourceTree = "<group>";
		};
		1EDA1D112294C82B0098D8DC /* Controllers */ = {
			isa = PBXGroup;
			children = (
				1EDA1CFE2294C4DD0098D8DC /* ViewController.swift */,
				1EDA1D142294C8D20098D8DC /* EventTableViewController.swift */,
			);
			path = Controllers;
			sourceTree = "<group>";
		};
		831126A03E1AF9018D7B2F50 /* Pods */ = {
			isa = PBXGroup;
			children = (
				CE32F5711B0D4440473F2CCB /* Pods-Field Day.debug.xcconfig */,
				217980EFB34A10FBB228FEDE /* Pods-Field Day.release.xcconfig */,
			);
			path = Pods;
			sourceTree = "<group>";
		};
		B12B7E5A3D181B3A43705E2A /* Frameworks */ = {
			isa = PBXGroup;
			children = (
				53BA0F8E31B645295A5F0BDB /* Pods_Field_Day.framework */,
			);
			name = Frameworks;
			sourceTree = "<group>";
		};
/* End PBXGroup section */

/* Begin PBXNativeTarget section */
		1EDA1CF82294C4DD0098D8DC /* Field Day */ = {
			isa = PBXNativeTarget;
			buildConfigurationList = 1EDA1D0B2294C4E00098D8DC /* Build configuration list for PBXNativeTarget "Field Day" */;
			buildPhases = (
				E2C8E329EACA5E2E83EAB8FD /* [CP] Check Pods Manifest.lock */,
				1EDA1CF52294C4DD0098D8DC /* Sources */,
				1EDA1CF62294C4DD0098D8DC /* Frameworks */,
				1EDA1CF72294C4DD0098D8DC /* Resources */,
				A81F4A490146D637A7F42799 /* [CP] Embed Pods Frameworks */,
			);
			buildRules = (
			);
			dependencies = (
			);
			name = "Field Day";
			productName = "Field Day";
			productReference = 1EDA1CF92294C4DD0098D8DC /* Field Day.app */;
			productType = "com.apple.product-type.application";
		};
/* End PBXNativeTarget section */

/* Begin PBXProject section */
		1EDA1CF12294C4DD0098D8DC /* Project object */ = {
			isa = PBXProject;
			attributes = {
				LastSwiftUpdateCheck = 1020;
				LastUpgradeCheck = 1020;
				ORGANIZATIONNAME = "Them Rhinos";
				TargetAttributes = {
					1EDA1CF82294C4DD0098D8DC = {
						CreatedOnToolsVersion = 10.2.1;
					};
				};
			};
			buildConfigurationList = 1EDA1CF42294C4DD0098D8DC /* Build configuration list for PBXProject "Field Day" */;
			compatibilityVersion = "Xcode 9.3";
			developmentRegion = en;
			hasScannedForEncodings = 0;
			knownRegions = (
				en,
				Base,
			);
			mainGroup = 1EDA1CF02294C4DD0098D8DC;
			productRefGroup = 1EDA1CFA2294C4DD0098D8DC /* Products */;
			projectDirPath = "";
			projectRoot = "";
			targets = (
				1EDA1CF82294C4DD0098D8DC /* Field Day */,
			);
		};
/* End PBXProject section */

/* Begin PBXResourcesBuildPhase section */
		1EDA1CF72294C4DD0098D8DC /* Resources */ = {
			isa = PBXResourcesBuildPhase;
			buildActionMask = 2147483647;
			files = (
				1EDA1D072294C4E00098D8DC /* LaunchScreen.storyboard in Resources */,
				1EDA1D042294C4E00098D8DC /* Assets.xcassets in Resources */,
				1EDA1D022294C4DD0098D8DC /* Main.storyboard in Resources */,
			);
			runOnlyForDeploymentPostprocessing = 0;
		};
/* End PBXResourcesBuildPhase section */

/* Begin PBXShellScriptBuildPhase section */
		A81F4A490146D637A7F42799 /* [CP] Embed Pods Frameworks */ = {
			isa = PBXShellScriptBuildPhase;
			buildActionMask = 2147483647;
			files = (
			);
			inputFileListPaths = (
			);
			inputPaths = (
				"${PODS_ROOT}/Target Support Files/Pods-Field Day/Pods-Field Day-frameworks.sh",
				"${BUILT_PRODUCTS_DIR}/Realm/Realm.framework",
				"${BUILT_PRODUCTS_DIR}/RealmSwift/RealmSwift.framework",
			);
			name = "[CP] Embed Pods Frameworks";
			outputFileListPaths = (
			);
			outputPaths = (
				"${TARGET_BUILD_DIR}/${FRAMEWORKS_FOLDER_PATH}/Realm.framework",
				"${TARGET_BUILD_DIR}/${FRAMEWORKS_FOLDER_PATH}/RealmSwift.framework",
			);
			runOnlyForDeploymentPostprocessing = 0;
			shellPath = /bin/sh;
			shellScript = "\"${PODS_ROOT}/Target Support Files/Pods-Field Day/Pods-Field Day-frameworks.sh\"\n";
			showEnvVarsInLog = 0;
		};
		E2C8E329EACA5E2E83EAB8FD /* [CP] Check Pods Manifest.lock */ = {
			isa = PBXShellScriptBuildPhase;
			buildActionMask = 2147483647;
			files = (
			);
			inputFileListPaths = (
			);
			inputPaths = (
				"${PODS_PODFILE_DIR_PATH}/Podfile.lock",
				"${PODS_ROOT}/Manifest.lock",
			);
			name = "[CP] Check Pods Manifest.lock";
			outputFileListPaths = (
			);
			outputPaths = (
				"$(DERIVED_FILE_DIR)/Pods-Field Day-checkManifestLockResult.txt",
			);
			runOnlyForDeploymentPostprocessing = 0;
			shellPath = /bin/sh;
			shellScript = "diff \"${PODS_PODFILE_DIR_PATH}/Podfile.lock\" \"${PODS_ROOT}/Manifest.lock\" > /dev/null\nif [ $? != 0 ] ; then\n    # print error to STDERR\n    echo \"error: The sandbox is not in sync with the Podfile.lock. Run 'pod install' or update your CocoaPods installation.\" >&2\n    exit 1\nfi\n# This output is used by Xcode 'outputs' to avoid re-running this script phase.\necho \"SUCCESS\" > \"${SCRIPT_OUTPUT_FILE_0}\"\n";
			showEnvVarsInLog = 0;
		};
/* End PBXShellScriptBuildPhase section */

/* Begin PBXSourcesBuildPhase section */
		1EDA1CF52294C4DD0098D8DC /* Sources */ = {
			isa = PBXSourcesBuildPhase;
			buildActionMask = 2147483647;
			files = (
				1EDA1CFF2294C4DD0098D8DC /* ViewController.swift in Sources */,
				1EDA1D102294C7860098D8DC /* Event.swift in Sources */,
				1EDA1D152294C8D20098D8DC /* EventTableViewController.swift in Sources */,
				1EDA1CFD2294C4DD0098D8DC /* AppDelegate.swift in Sources */,
			);
			runOnlyForDeploymentPostprocessing = 0;
		};
/* End PBXSourcesBuildPhase section */

/* Begin PBXVariantGroup section */
		1EDA1D002294C4DD0098D8DC /* Main.storyboard */ = {
			isa = PBXVariantGroup;
			children = (
				1EDA1D012294C4DD0098D8DC /* Base */,
			);
			name = Main.storyboard;
			sourceTree = "<group>";
		};
		1EDA1D052294C4E00098D8DC /* LaunchScreen.storyboard */ = {
			isa = PBXVariantGroup;
			children = (
				1EDA1D062294C4E00098D8DC /* Base */,
			);
			name = LaunchScreen.storyboard;
			sourceTree = "<group>";
		};
/* End PBXVariantGroup section */

/* Begin XCBuildConfiguration section */
		1EDA1D092294C4E00098D8DC /* Debug */ = {
			isa = XCBuildConfiguration;
			buildSettings = {
				ALWAYS_SEARCH_USER_PATHS = NO;
				CLANG_ANALYZER_NONNULL = YES;
				CLANG_ANALYZER_NUMBER_OBJECT_CONVERSION = YES_AGGRESSIVE;
				CLANG_CXX_LANGUAGE_STANDARD = "gnu++14";
				CLANG_CXX_LIBRARY = "libc++";
				CLANG_ENABLE_MODULES = YES;
				CLANG_ENABLE_OBJC_ARC = YES;
				CLANG_ENABLE_OBJC_WEAK = YES;
				CLANG_WARN_BLOCK_CAPTURE_AUTORELEASING = YES;
				CLANG_WARN_BOOL_CONVERSION = YES;
				CLANG_WARN_COMMA = YES;
				CLANG_WARN_CONSTANT_CONVERSION = YES;
				CLANG_WARN_DEPRECATED_OBJC_IMPLEMENTATIONS = YES;
				CLANG_WARN_DIRECT_OBJC_ISA_USAGE = YES_ERROR;
				CLANG_WARN_DOCUMENTATION_COMMENTS = YES;
				CLANG_WARN_EMPTY_BODY = YES;
				CLANG_WARN_ENUM_CONVERSION = YES;
				CLANG_WARN_INFINITE_RECURSION = YES;
				CLANG_WARN_INT_CONVERSION = YES;
				CLANG_WARN_NON_LITERAL_NULL_CONVERSION = YES;
				CLANG_WARN_OBJC_IMPLICIT_RETAIN_SELF = YES;
				CLANG_WARN_OBJC_LITERAL_CONVERSION = YES;
				CLANG_WARN_OBJC_ROOT_CLASS = YES_ERROR;
				CLANG_WARN_RANGE_LOOP_ANALYSIS = YES;
				CLANG_WARN_STRICT_PROTOTYPES = YES;
				CLANG_WARN_SUSPICIOUS_MOVE = YES;
				CLANG_WARN_UNGUARDED_AVAILABILITY = YES_AGGRESSIVE;
				CLANG_WARN_UNREACHABLE_CODE = YES;
				CLANG_WARN__DUPLICATE_METHOD_MATCH = YES;
				CODE_SIGN_IDENTITY = "iPhone Developer";
				COPY_PHASE_STRIP = NO;
				DEBUG_INFORMATION_FORMAT = dwarf;
				ENABLE_STRICT_OBJC_MSGSEND = YES;
				ENABLE_TESTABILITY = YES;
				GCC_C_LANGUAGE_STANDARD = gnu11;
				GCC_DYNAMIC_NO_PIC = NO;
				GCC_NO_COMMON_BLOCKS = YES;
				GCC_OPTIMIZATION_LEVEL = 0;
				GCC_PREPROCESSOR_DEFINITIONS = (
					"DEBUG=1",
					"$(inherited)",
				);
				GCC_WARN_64_TO_32_BIT_CONVERSION = YES;
				GCC_WARN_ABOUT_RETURN_TYPE = YES_ERROR;
				GCC_WARN_UNDECLARED_SELECTOR = YES;
				GCC_WARN_UNINITIALIZED_AUTOS = YES_AGGRESSIVE;
				GCC_WARN_UNUSED_FUNCTION = YES;
				GCC_WARN_UNUSED_VARIABLE = YES;
				IPHONEOS_DEPLOYMENT_TARGET = 12.2;
				MTL_ENABLE_DEBUG_INFO = INCLUDE_SOURCE;
				MTL_FAST_MATH = YES;
				ONLY_ACTIVE_ARCH = YES;
				SDKROOT = iphoneos;
				SWIFT_ACTIVE_COMPILATION_CONDITIONS = DEBUG;
				SWIFT_OPTIMIZATION_LEVEL = "-Onone";
			};
			name = Debug;
		};
		1EDA1D0A2294C4E00098D8DC /* Release */ = {
			isa = XCBuildConfiguration;
			buildSettings = {
				ALWAYS_SEARCH_USER_PATHS = NO;
				CLANG_ANALYZER_NONNULL = YES;
				CLANG_ANALYZER_NUMBER_OBJECT_CONVERSION = YES_AGGRESSIVE;
				CLANG_CXX_LANGUAGE_STANDARD = "gnu++14";
				CLANG_CXX_LIBRARY = "libc++";
				CLANG_ENABLE_MODULES = YES;
				CLANG_ENABLE_OBJC_ARC = YES;
				CLANG_ENABLE_OBJC_WEAK = YES;
				CLANG_WARN_BLOCK_CAPTURE_AUTORELEASING = YES;
				CLANG_WARN_BOOL_CONVERSION = YES;
				CLANG_WARN_COMMA = YES;
				CLANG_WARN_CONSTANT_CONVERSION = YES;
				CLANG_WARN_DEPRECATED_OBJC_IMPLEMENTATIONS = YES;
				CLANG_WARN_DIRECT_OBJC_ISA_USAGE = YES_ERROR;
				CLANG_WARN_DOCUMENTATION_COMMENTS = YES;
				CLANG_WARN_EMPTY_BODY = YES;
				CLANG_WARN_ENUM_CONVERSION = YES;
				CLANG_WARN_INFINITE_RECURSION = YES;
				CLANG_WARN_INT_CONVERSION = YES;
				CLANG_WARN_NON_LITERAL_NULL_CONVERSION = YES;
				CLANG_WARN_OBJC_IMPLICIT_RETAIN_SELF = YES;
				CLANG_WARN_OBJC_LITERAL_CONVERSION = YES;
				CLANG_WARN_OBJC_ROOT_CLASS = YES_ERROR;
				CLANG_WARN_RANGE_LOOP_ANALYSIS = YES;
				CLANG_WARN_STRICT_PROTOTYPES = YES;
				CLANG_WARN_SUSPICIOUS_MOVE = YES;
				CLANG_WARN_UNGUARDED_AVAILABILITY = YES_AGGRESSIVE;
				CLANG_WARN_UNREACHABLE_CODE = YES;
				CLANG_WARN__DUPLICATE_METHOD_MATCH = YES;
				CODE_SIGN_IDENTITY = "iPhone Developer";
				COPY_PHASE_STRIP = NO;
				DEBUG_INFORMATION_FORMAT = "dwarf-with-dsym";
				ENABLE_NS_ASSERTIONS = NO;
				ENABLE_STRICT_OBJC_MSGSEND = YES;
				GCC_C_LANGUAGE_STANDARD = gnu11;
				GCC_NO_COMMON_BLOCKS = YES;
				GCC_WARN_64_TO_32_BIT_CONVERSION = YES;
				GCC_WARN_ABOUT_RETURN_TYPE = YES_ERROR;
				GCC_WARN_UNDECLARED_SELECTOR = YES;
				GCC_WARN_UNINITIALIZED_AUTOS = YES_AGGRESSIVE;
				GCC_WARN_UNUSED_FUNCTION = YES;
				GCC_WARN_UNUSED_VARIABLE = YES;
				IPHONEOS_DEPLOYMENT_TARGET = 12.2;
				MTL_ENABLE_DEBUG_INFO = NO;
				MTL_FAST_MATH = YES;
				SDKROOT = iphoneos;
				SWIFT_COMPILATION_MODE = wholemodule;
				SWIFT_OPTIMIZATION_LEVEL = "-O";
				VALIDATE_PRODUCT = YES;
			};
			name = Release;
		};
		1EDA1D0C2294C4E00098D8DC /* Debug */ = {
			isa = XCBuildConfiguration;
			baseConfigurationReference = CE32F5711B0D4440473F2CCB /* Pods-Field Day.debug.xcconfig */;
			buildSettings = {
				ASSETCATALOG_COMPILER_APPICON_NAME = AppIcon;
				CODE_SIGN_STYLE = Automatic;
				DEVELOPMENT_TEAM = JA7JN58M85;
				INFOPLIST_FILE = "Field Day/Info.plist";
				LD_RUNPATH_SEARCH_PATHS = (
					"$(inherited)",
					"@executable_path/Frameworks",
				);
				PRODUCT_BUNDLE_IDENTIFIER = "com.themrhinos.Field-Day";
				PRODUCT_NAME = "$(TARGET_NAME)";
				SWIFT_VERSION = 5.0;
				TARGETED_DEVICE_FAMILY = "1,2";
			};
			name = Debug;
		};
		1EDA1D0D2294C4E00098D8DC /* Release */ = {
			isa = XCBuildConfiguration;
			baseConfigurationReference = 217980EFB34A10FBB228FEDE /* Pods-Field Day.release.xcconfig */;
			buildSettings = {
				ASSETCATALOG_COMPILER_APPICON_NAME = AppIcon;
				CODE_SIGN_STYLE = Automatic;
				DEVELOPMENT_TEAM = JA7JN58M85;
				INFOPLIST_FILE = "Field Day/Info.plist";
				LD_RUNPATH_SEARCH_PATHS = (
					"$(inherited)",
					"@executable_path/Frameworks",
				);
				PRODUCT_BUNDLE_IDENTIFIER = "com.themrhinos.Field-Day";
				PRODUCT_NAME = "$(TARGET_NAME)";
				SWIFT_VERSION = 5.0;
				TARGETED_DEVICE_FAMILY = "1,2";
			};
			name = Release;
		};
/* End XCBuildConfiguration section */

/* Begin XCConfigurationList section */
		1EDA1CF42294C4DD0098D8DC /* Build configuration list for PBXProject "Field Day" */ = {
			isa = XCConfigurationList;
			buildConfigurations = (
				1EDA1D092294C4E00098D8DC /* Debug */,
				1EDA1D0A2294C4E00098D8DC /* Release */,
			);
			defaultConfigurationIsVisible = 0;
			defaultConfigurationName = Release;
		};
		1EDA1D0B2294C4E00098D8DC /* Build configuration list for PBXNativeTarget "Field Day" */ = {
			isa = XCConfigurationList;
			buildConfigurations = (
				1EDA1D0C2294C4E00098D8DC /* Debug */,
				1EDA1D0D2294C4E00098D8DC /* Release */,
			);
			defaultConfigurationIsVisible = 0;
			defaultConfigurationName = Release;
		};
/* End XCConfigurationList section */
	};
	rootObject = 1EDA1CF12294C4DD0098D8DC /* Project object */;
}
